PODS:
  - Alamofire (5.8.0)
  - Moya/Core (15.0.0):
    - Alamofire (~> 5.0)
  - Moya/RxSwift (15.0.0):
    - Moya/Core
    - RxSwift (~> 6.0)
  - Realm (10.42.2):
    - Realm/Headers (= 10.42.2)
  - Realm/Headers (10.42.2)
  - RealmSwift (10.42.2):
    - Realm (= 10.42.2)
  - RxCocoa (6.5.0):
    - RxRelay (= 6.5.0)
    - RxSwift (= 6.5.0)
  - RxRealm (5.0.4):
    - Realm (~> 10.21)
    - RealmSwift (~> 10.21)
    - RxCocoa (~> 6.1)
    - RxSwift (~> 6.1)
  - RxRelay (6.5.0):
    - RxSwift (= 6.5.0)
  - RxSwift (6.5.0)
  - SDWebImage (3.8.3):
    - SDWebImage/Core (= 3.8.3)
  - SDWebImage/Core (3.8.3)

DEPENDENCIES:
  - Moya/RxSwift (~> 15.0)
  - RealmSwift (~> 10)
  - RxCocoa
  - RxRealm
  - RxSwift
  - SDWebImage (~> 3.8)

SPEC REPOS:
  trunk:
    - Alamofire
    - Moya
    - Realm
    - RealmSwift
    - RxCocoa
    - RxRealm
    - RxRelay
    - RxSwift
    - SDWebImage

SPEC CHECKSUMS:
  Alamofire: 0e92e751b3e9e66d7982db43919d01f313b8eb91
  Moya: 138f0573e53411fb3dc17016add0b748dfbd78ee
  Realm: 2d2980fd7a562fa3d7ee21bb7d6cebac64393886
  RealmSwift: af08136c0322abccda4f34f482221c92d20dc88e
  RxCocoa: 94f817b71c07517321eb4f9ad299112ca8af743b
  RxRealm: 666c8785327fe2fff972a3093b35dc7055c1ca38
  RxRelay: 1de1523e604c72b6c68feadedd1af3b1b4d0ecbd
  RxSwift: 5710a9e6b17f3c3d6e40d6e559b9fa1e813b2ef8
  SDWebImage: a72e880a8fe0f7fc31efe15aaed443c074d2a80c

PODFILE CHECKSUM: af1a386b29eea22c533f6142e98624102eca789f

COCOAPODS: 1.12.1
